
Microsoft Visual Studio Solution File, Format Version 12.00
# Visual Studio Version 17
VisualStudioVersion = 17.5.33516.290
MinimumVisualStudioVersion = 10.0.40219.1
Project("{FAE04EC0-301F-11D3-BF4B-00C04F79EFBC}") = "Web Assign 2.Server", "Web Assign 2\Server\Web Assign 2.Server.csproj", "{93C3B001-4048-4265-A659-9DE8E406FE79}"
EndProject
Project("{FAE04EC0-301F-11D3-BF4B-00C04F79EFBC}") = "Web Assign 2.Client", "Web Assign 2\Client\Web Assign 2.Client.csproj", "{D6D6EDB9-07AB-4C0F-9357-E6A3529F5A31}"
EndProject
Project("{FAE04EC0-301F-11D3-BF4B-00C04F79EFBC}") = "Web Assign 2.Shared", "Web Assign 2\Shared\Web Assign 2.Shared.csproj", "{1E2F253E-8ED1-4622-856D-54EECA6C9EDA}"
EndProject
Global
	GlobalSection(SolutionConfigurationPlatforms) = preSolution
		Debug|Any CPU = Debug|Any CPU
		Release|Any CPU = Release|Any CPU
	EndGlobalSection
	GlobalSection(ProjectConfigurationPlatforms) = postSolution
		{93C3B001-4048-4265-A659-9DE8E406FE79}.Debug|Any CPU.ActiveCfg = Debug|Any CPU
		{93C3B001-4048-4265-A659-9DE8E406FE79}.Debug|Any CPU.Build.0 = Debug|Any CPU
		{93C3B001-4048-4265-A659-9DE8E406FE79}.Release|Any CPU.ActiveCfg = Release|Any CPU
		{93C3B001-4048-4265-A659-9DE8E406FE79}.Release|Any CPU.Build.0 = Release|Any CPU
		{D6D6EDB9-07AB-4C0F-9357-E6A3529F5A31}.Debug|Any CPU.ActiveCfg = Debug|Any CPU
		{D6D6EDB9-07AB-4C0F-9357-E6A3529F5A31}.Debug|Any CPU.Build.0 = Debug|Any CPU
		{D6D6EDB9-07AB-4C0F-9357-E6A3529F5A31}.Release|Any CPU.ActiveCfg = Release|Any CPU
		{D6D6EDB9-07AB-4C0F-9357-E6A3529F5A31}.Release|Any CPU.Build.0 = Release|Any CPU
		{1E2F253E-8ED1-4622-856D-54EECA6C9EDA}.Debug|Any CPU.ActiveCfg = Debug|Any CPU
		{1E2F253E-8ED1-4622-856D-54EECA6C9EDA}.Debug|Any CPU.Build.0 = Debug|Any CPU
		{1E2F253E-8ED1-4622-856D-54EECA6C9EDA}.Release|Any CPU.ActiveCfg = Release|Any CPU
		{1E2F253E-8ED1-4622-856D-54EECA6C9EDA}.Release|Any CPU.Build.0 = Release|Any CPU
	EndGlobalSection
	GlobalSection(SolutionProperties) = preSolution
		HideSolutionNode = FALSE
	EndGlobalSection
	GlobalSection(ExtensibilityGlobals) = postSolution
		SolutionGuid = {7380C37C-3DC8-415B-A1AD-9773DD6534C8}
	EndGlobalSection
EndGlobal
